
Microsoft Visual Studio Solution File, Format Version 12.00
# Visual Studio 15
VisualStudioVersion = 15.0.26730.16
MinimumVisualStudioVersion = 10.0.40219.1
Project("{FAE04EC0-301F-11D3-BF4B-00C04F79EFBC}") = "Bank", "Bank\Bank.csproj", "{C168AE2D-FDAF-497F-84F9-56DC1C77DCCA}"
EndProject
Global
	GlobalSection(SolutionConfigurationPlatforms) = preSolution
		Debug|Any CPU = Debug|Any CPU
		Release|Any CPU = Release|Any CPU
	EndGlobalSection
	GlobalSection(ProjectConfigurationPlatforms) = postSolution
		{C168AE2D-FDAF-497F-84F9-56DC1C77DCCA}.Debug|Any CPU.ActiveCfg = Debug|Any CPU
		{C168AE2D-FDAF-497F-84F9-56DC1C77DCCA}.Debug|Any CPU.Build.0 = Debug|Any CPU
		{C168AE2D-FDAF-497F-84F9-56DC1C77DCCA}.Release|Any CPU.ActiveCfg = Release|Any CPU
		{C168AE2D-FDAF-497F-84F9-56DC1C77DCCA}.Release|Any CPU.Build.0 = Release|Any CPU
	EndGlobalSection
	GlobalSection(SolutionProperties) = preSolution
		HideSolutionNode = FALSE
	EndGlobalSection
	GlobalSection(ExtensibilityGlobals) = postSolution
		SolutionGuid = {A53222D9-EA4A-41DA-B8B5-EA4A42A26344}
	EndGlobalSection
EndGlobal
